
Microsoft Visual Studio Solution File, Format Version 12.00
# Visual Studio Version 17
VisualStudioVersion = 17.6.33723.286
MinimumVisualStudioVersion = 10.0.40219.1
Project("{FAE04EC0-301F-11D3-BF4B-00C04F79EFBC}") = "ConstruAppAPI", "ConstruAppAPI.csproj", "{DEEAF367-D7B7-47F2-B079-8F8D5C17E259}"
EndProject
Global
	GlobalSection(SolutionConfigurationPlatforms) = preSolution
		Debug|Any CPU = Debug|Any CPU
		Release|Any CPU = Release|Any CPU
	EndGlobalSection
	GlobalSection(ProjectConfigurationPlatforms) = postSolution
		{DEEAF367-D7B7-47F2-B079-8F8D5C17E259}.Debug|Any CPU.ActiveCfg = Debug|Any CPU
		{DEEAF367-D7B7-47F2-B079-8F8D5C17E259}.Debug|Any CPU.Build.0 = Debug|Any CPU
		{DEEAF367-D7B7-47F2-B079-8F8D5C17E259}.Release|Any CPU.ActiveCfg = Release|Any CPU
		{DEEAF367-D7B7-47F2-B079-8F8D5C17E259}.Release|Any CPU.Build.0 = Release|Any CPU
	EndGlobalSection
	GlobalSection(SolutionProperties) = preSolution
		HideSolutionNode = FALSE
	EndGlobalSection
	GlobalSection(ExtensibilityGlobals) = postSolution
		SolutionGuid = {A917C10F-D25F-4240-BA0E-10B2EBA9B829}
	EndGlobalSection
EndGlobal
